<Solution>
  <Project Path="DemoPapeletaWeb/DemoPapeletaWeb.csproj" Id="b28bb6d9-3a80-4366-a64f-bfb231b24a4a" />
  <Project Path="PapeletaWeb_ADO/PapeletaWeb_ADO.csproj" Id="7b55bb24-0291-4aa3-9497-08756c9c9eaa" />
  <Project Path="PapeletaWeb_BE/PapeletaWeb_BE.csproj" Id="5605fba6-d9ad-4b4e-aac3-082ccbfc8d2f" />
  <Project Path="PapeletaWeb_BL/PapeletaWeb_BL.csproj" Id="f70e567a-e92a-4031-bc0c-84c600cef2fc" />
</Solution>
